
Microsoft Visual Studio Solution File, Format Version 12.00
# Visual Studio Version 17
VisualStudioVersion = 17.5.002.0
MinimumVisualStudioVersion = 10.0.40219.1
Project("{9A19103F-16F7-4668-BE54-9A1E7A4F7556}") = "EjemploInterfaces", "EjemploInterfaces.csproj", "{9C0F4570-5620-4BEB-AF9B-06F98D1FE03C}"
EndProject
Global
	GlobalSection(SolutionConfigurationPlatforms) = preSolution
		Debug|Any CPU = Debug|Any CPU
		Release|Any CPU = Release|Any CPU
	EndGlobalSection
	GlobalSection(ProjectConfigurationPlatforms) = postSolution
		{9C0F4570-5620-4BEB-AF9B-06F98D1FE03C}.Debug|Any CPU.ActiveCfg = Debug|Any CPU
		{9C0F4570-5620-4BEB-AF9B-06F98D1FE03C}.Debug|Any CPU.Build.0 = Debug|Any CPU
		{9C0F4570-5620-4BEB-AF9B-06F98D1FE03C}.Release|Any CPU.ActiveCfg = Release|Any CPU
		{9C0F4570-5620-4BEB-AF9B-06F98D1FE03C}.Release|Any CPU.Build.0 = Release|Any CPU
	EndGlobalSection
	GlobalSection(SolutionProperties) = preSolution
		HideSolutionNode = FALSE
	EndGlobalSection
	GlobalSection(ExtensibilityGlobals) = postSolution
		SolutionGuid = {1B02181F-FC05-4AB4-9E8D-41CCF4C273D6}
	EndGlobalSection
EndGlobal
